lockfileVersion: 5.4

specifiers:
  eslint-plugin-sonarjs: ^0.18.0

devDependencies:
  eslint-plugin-sonarjs: 0.18.0

packages:

  /eslint-plugin-sonarjs/0.18.0:
    resolution: {integrity: sha512-DJ3osLnt6KFdT5e9ZuIDOjT5A6wUGSLeiJJT03lPgpdD+7CVWlYAw9Goe3bt7SmbFO3Xh89NOCZAuB9XA7bAUQ==}
    engines: {node: '>=14'}
    peerDependencies:
      eslint: ^5.0.0 || ^6.0.0 || ^7.0.0 || ^8.0.0
    dev: true
